
Microsoft Visual Studio Solution File, Format Version 12.00
# Visual Studio Version 16
VisualStudioVersion = 16.0.29609.76
MinimumVisualStudioVersion = 10.0.40219.1
Project("{2150E333-8FDC-42A3-9474-1A3956D46DE8}") = "Core", "Core", "{1BA7DDD2-4CA0-417C-9103-7300D28AA9DF}"
EndProject
Project("{9A19103F-16F7-4668-BE54-9A1E7A4F7556}") = "Domain.Core", "src\Core\Domain.Core\Domain.Core.csproj", "{B102F767-7B69-42B7-8B5B-2D764AF8566B}"
EndProject
Project("{9A19103F-16F7-4668-BE54-9A1E7A4F7556}") = "Infrastructure.Bus", "src\Core\Infrastructure.Bus\Infrastructure.Bus.csproj", "{42F076BE-0A22-4EEF-AD6D-7FB93191028A}"
EndProject
Project("{9A19103F-16F7-4668-BE54-9A1E7A4F7556}") = "Infrastructure.IoC", "src\Core\Infrastructure.IoC\Infrastructure.IoC.csproj", "{77DF226B-B02A-4321-8E4D-261D1F07FA21}"
EndProject
Project("{2150E333-8FDC-42A3-9474-1A3956D46DE8}") = "Microservices", "Microservices", "{CCC83A10-9A92-4497-BBBD-26C5F7F1D8FA}"
EndProject
Project("{2150E333-8FDC-42A3-9474-1A3956D46DE8}") = "Banking", "Banking", "{9482646F-020C-4E5F-A8E6-4BD3AADACAFA}"
EndProject
Project("{2150E333-8FDC-42A3-9474-1A3956D46DE8}") = "Api", "Api", "{E6DDCA51-0E80-466C-B33C-B9E04BA83884}"
EndProject
Project("{2150E333-8FDC-42A3-9474-1A3956D46DE8}") = "Domain", "Domain", "{CEC76E0E-160C-469E-96E4-F99737C3E51A}"
EndProject
Project("{2150E333-8FDC-42A3-9474-1A3956D46DE8}") = "Application", "Application", "{5249D8B6-29A4-4151-8AB3-3ED536838A29}"
EndProject
Project("{2150E333-8FDC-42A3-9474-1A3956D46DE8}") = "Data", "Data", "{6F3E051C-EBC3-4DE0-9A56-1C8B61BE03B1}"
EndProject
Project("{9A19103F-16F7-4668-BE54-9A1E7A4F7556}") = "Banking.Api", "src\Microservices\Banking\Banking.Api\Banking.Api.csproj", "{4A59ECC6-2100-4119-81AC-2148AFB8CD4F}"
EndProject
Project("{9A19103F-16F7-4668-BE54-9A1E7A4F7556}") = "Banking.Application", "src\Microservices\Banking\Banking.Application\Banking.Application.csproj", "{95C5A25A-8B96-4AB8-8CCE-0B60CFFBC121}"
EndProject
Project("{9A19103F-16F7-4668-BE54-9A1E7A4F7556}") = "Banking.Data", "src\Microservices\Banking\Banking.Data\Banking.Data.csproj", "{E16817C8-3C6A-4DEB-BAD9-BA65DC0BFF84}"
EndProject
Project("{9A19103F-16F7-4668-BE54-9A1E7A4F7556}") = "Banking.Domain", "src\Microservices\Banking\Banking.Domain\Banking.Domain.csproj", "{F48350C2-E5A3-4FCC-8505-E2AC307B5446}"
EndProject
Project("{2150E333-8FDC-42A3-9474-1A3956D46DE8}") = "Transfer", "Transfer", "{7E3477A7-D54B-4B9F-A51A-D92520B7D6FA}"
EndProject
Project("{2150E333-8FDC-42A3-9474-1A3956D46DE8}") = "Api", "Api", "{8FCE29A2-53AF-4FF1-8ED6-09083524324E}"
EndProject
Project("{2150E333-8FDC-42A3-9474-1A3956D46DE8}") = "Application", "Application", "{2C53B1D0-F552-4963-B2A4-F04A9AE15B68}"
EndProject
Project("{2150E333-8FDC-42A3-9474-1A3956D46DE8}") = "Data", "Data", "{CAB205DC-6F8B-44E6-A073-9725CBC5698F}"
EndProject
Project("{2150E333-8FDC-42A3-9474-1A3956D46DE8}") = "Domain", "Domain", "{831EB13C-88BD-43EC-B2EE-C9A67AC81733}"
EndProject
Project("{9A19103F-16F7-4668-BE54-9A1E7A4F7556}") = "Transfer.Api", "src\Microservices\Transfer\Transfer.Api\Transfer.Api.csproj", "{CC4C32FB-AE3B-4180-8B60-F28F9CFE840E}"
EndProject
Project("{9A19103F-16F7-4668-BE54-9A1E7A4F7556}") = "Transfer.Domain", "src\Microservices\Transfer\Transfer.Domain\Transfer.Domain.csproj", "{1FAE0287-3C32-44C7-A3B9-10C27EE33639}"
EndProject
Project("{9A19103F-16F7-4668-BE54-9A1E7A4F7556}") = "Transfer.Data", "src\Microservices\Transfer\Transfer.Data\Transfer.Data.csproj", "{58421622-1923-4FF7-90B1-ABE0BB201F1D}"
EndProject
Project("{9A19103F-16F7-4668-BE54-9A1E7A4F7556}") = "Transfer.Application", "src\Microservices\Transfer\Transfer.Application\Transfer.Application.csproj", "{A27E1025-D3C2-42C9-A5CA-D53A4A963E0D}"
EndProject
Project("{E53339B2-1760-4266-BCC7-CA923CBCF16C}") = "docker-compose", "docker-compose.dcproj", "{0123A7D4-D2AC-41C6-ABB7-D009F0CC9F7A}"
EndProject
Global
	GlobalSection(SolutionConfigurationPlatforms) = preSolution
		Debug|Any CPU = Debug|Any CPU
		Release|Any CPU = Release|Any CPU
	EndGlobalSection
	GlobalSection(ProjectConfigurationPlatforms) = postSolution
		{B102F767-7B69-42B7-8B5B-2D764AF8566B}.Debug|Any CPU.ActiveCfg = Debug|Any CPU
		{B102F767-7B69-42B7-8B5B-2D764AF8566B}.Debug|Any CPU.Build.0 = Debug|Any CPU
		{B102F767-7B69-42B7-8B5B-2D764AF8566B}.Release|Any CPU.ActiveCfg = Release|Any CPU
		{B102F767-7B69-42B7-8B5B-2D764AF8566B}.Release|Any CPU.Build.0 = Release|Any CPU
		{42F076BE-0A22-4EEF-AD6D-7FB93191028A}.Debug|Any CPU.ActiveCfg = Debug|Any CPU
		{42F076BE-0A22-4EEF-AD6D-7FB93191028A}.Debug|Any CPU.Build.0 = Debug|Any CPU
		{42F076BE-0A22-4EEF-AD6D-7FB93191028A}.Release|Any CPU.ActiveCfg = Release|Any CPU
		{42F076BE-0A22-4EEF-AD6D-7FB93191028A}.Release|Any CPU.Build.0 = Release|Any CPU
		{77DF226B-B02A-4321-8E4D-261D1F07FA21}.Debug|Any CPU.ActiveCfg = Debug|Any CPU
		{77DF226B-B02A-4321-8E4D-261D1F07FA21}.Debug|Any CPU.Build.0 = Debug|Any CPU
		{77DF226B-B02A-4321-8E4D-261D1F07FA21}.Release|Any CPU.ActiveCfg = Release|Any CPU
		{77DF226B-B02A-4321-8E4D-261D1F07FA21}.Release|Any CPU.Build.0 = Release|Any CPU
		{4A59ECC6-2100-4119-81AC-2148AFB8CD4F}.Debug|Any CPU.ActiveCfg = Debug|Any CPU
		{4A59ECC6-2100-4119-81AC-2148AFB8CD4F}.Debug|Any CPU.Build.0 = Debug|Any CPU
		{4A59ECC6-2100-4119-81AC-2148AFB8CD4F}.Release|Any CPU.ActiveCfg = Release|Any CPU
		{4A59ECC6-2100-4119-81AC-2148AFB8CD4F}.Release|Any CPU.Build.0 = Release|Any CPU
		{95C5A25A-8B96-4AB8-8CCE-0B60CFFBC121}.Debug|Any CPU.ActiveCfg = Debug|Any CPU
		{95C5A25A-8B96-4AB8-8CCE-0B60CFFBC121}.Debug|Any CPU.Build.0 = Debug|Any CPU
		{95C5A25A-8B96-4AB8-8CCE-0B60CFFBC121}.Release|Any CPU.ActiveCfg = Release|Any CPU
		{95C5A25A-8B96-4AB8-8CCE-0B60CFFBC121}.Release|Any CPU.Build.0 = Release|Any CPU
		{E16817C8-3C6A-4DEB-BAD9-BA65DC0BFF84}.Debug|Any CPU.ActiveCfg = Debug|Any CPU
		{E16817C8-3C6A-4DEB-BAD9-BA65DC0BFF84}.Debug|Any CPU.Build.0 = Debug|Any CPU
		{E16817C8-3C6A-4DEB-BAD9-BA65DC0BFF84}.Release|Any CPU.ActiveCfg = Release|Any CPU
		{E16817C8-3C6A-4DEB-BAD9-BA65DC0BFF84}.Release|Any CPU.Build.0 = Release|Any CPU
		{F48350C2-E5A3-4FCC-8505-E2AC307B5446}.Debug|Any CPU.ActiveCfg = Debug|Any CPU
		{F48350C2-E5A3-4FCC-8505-E2AC307B5446}.Debug|Any CPU.Build.0 = Debug|Any CPU
		{F48350C2-E5A3-4FCC-8505-E2AC307B5446}.Release|Any CPU.ActiveCfg = Release|Any CPU
		{F48350C2-E5A3-4FCC-8505-E2AC307B5446}.Release|Any CPU.Build.0 = Release|Any CPU
		{CC4C32FB-AE3B-4180-8B60-F28F9CFE840E}.Debug|Any CPU.ActiveCfg = Debug|Any CPU
		{CC4C32FB-AE3B-4180-8B60-F28F9CFE840E}.Debug|Any CPU.Build.0 = Debug|Any CPU
		{CC4C32FB-AE3B-4180-8B60-F28F9CFE840E}.Release|Any CPU.ActiveCfg = Release|Any CPU
		{CC4C32FB-AE3B-4180-8B60-F28F9CFE840E}.Release|Any CPU.Build.0 = Release|Any CPU
		{1FAE0287-3C32-44C7-A3B9-10C27EE33639}.Debug|Any CPU.ActiveCfg = Debug|Any CPU
		{1FAE0287-3C32-44C7-A3B9-10C27EE33639}.Debug|Any CPU.Build.0 = Debug|Any CPU
		{1FAE0287-3C32-44C7-A3B9-10C27EE33639}.Release|Any CPU.ActiveCfg = Release|Any CPU
		{1FAE0287-3C32-44C7-A3B9-10C27EE33639}.Release|Any CPU.Build.0 = Release|Any CPU
		{58421622-1923-4FF7-90B1-ABE0BB201F1D}.Debug|Any CPU.ActiveCfg = Debug|Any CPU
		{58421622-1923-4FF7-90B1-ABE0BB201F1D}.Debug|Any CPU.Build.0 = Debug|Any CPU
		{58421622-1923-4FF7-90B1-ABE0BB201F1D}.Release|Any CPU.ActiveCfg = Release|Any CPU
		{58421622-1923-4FF7-90B1-ABE0BB201F1D}.Release|Any CPU.Build.0 = Release|Any CPU
		{A27E1025-D3C2-42C9-A5CA-D53A4A963E0D}.Debug|Any CPU.ActiveCfg = Debug|Any CPU
		{A27E1025-D3C2-42C9-A5CA-D53A4A963E0D}.Debug|Any CPU.Build.0 = Debug|Any CPU
		{A27E1025-D3C2-42C9-A5CA-D53A4A963E0D}.Release|Any CPU.ActiveCfg = Release|Any CPU
		{A27E1025-D3C2-42C9-A5CA-D53A4A963E0D}.Release|Any CPU.Build.0 = Release|Any CPU
		{0123A7D4-D2AC-41C6-ABB7-D009F0CC9F7A}.Debug|Any CPU.ActiveCfg = Debug|Any CPU
		{0123A7D4-D2AC-41C6-ABB7-D009F0CC9F7A}.Debug|Any CPU.Build.0 = Debug|Any CPU
		{0123A7D4-D2AC-41C6-ABB7-D009F0CC9F7A}.Release|Any CPU.ActiveCfg = Release|Any CPU
		{0123A7D4-D2AC-41C6-ABB7-D009F0CC9F7A}.Release|Any CPU.Build.0 = Release|Any CPU
	EndGlobalSection
	GlobalSection(SolutionProperties) = preSolution
		HideSolutionNode = FALSE
	EndGlobalSection
	GlobalSection(NestedProjects) = preSolution
		{B102F767-7B69-42B7-8B5B-2D764AF8566B} = {1BA7DDD2-4CA0-417C-9103-7300D28AA9DF}
		{42F076BE-0A22-4EEF-AD6D-7FB93191028A} = {1BA7DDD2-4CA0-417C-9103-7300D28AA9DF}
		{77DF226B-B02A-4321-8E4D-261D1F07FA21} = {1BA7DDD2-4CA0-417C-9103-7300D28AA9DF}
		{9482646F-020C-4E5F-A8E6-4BD3AADACAFA} = {CCC83A10-9A92-4497-BBBD-26C5F7F1D8FA}
		{E6DDCA51-0E80-466C-B33C-B9E04BA83884} = {9482646F-020C-4E5F-A8E6-4BD3AADACAFA}
		{CEC76E0E-160C-469E-96E4-F99737C3E51A} = {9482646F-020C-4E5F-A8E6-4BD3AADACAFA}
		{5249D8B6-29A4-4151-8AB3-3ED536838A29} = {9482646F-020C-4E5F-A8E6-4BD3AADACAFA}
		{6F3E051C-EBC3-4DE0-9A56-1C8B61BE03B1} = {9482646F-020C-4E5F-A8E6-4BD3AADACAFA}
		{4A59ECC6-2100-4119-81AC-2148AFB8CD4F} = {E6DDCA51-0E80-466C-B33C-B9E04BA83884}
		{95C5A25A-8B96-4AB8-8CCE-0B60CFFBC121} = {5249D8B6-29A4-4151-8AB3-3ED536838A29}
		{E16817C8-3C6A-4DEB-BAD9-BA65DC0BFF84} = {6F3E051C-EBC3-4DE0-9A56-1C8B61BE03B1}
		{F48350C2-E5A3-4FCC-8505-E2AC307B5446} = {CEC76E0E-160C-469E-96E4-F99737C3E51A}
		{7E3477A7-D54B-4B9F-A51A-D92520B7D6FA} = {CCC83A10-9A92-4497-BBBD-26C5F7F1D8FA}
		{8FCE29A2-53AF-4FF1-8ED6-09083524324E} = {7E3477A7-D54B-4B9F-A51A-D92520B7D6FA}
		{2C53B1D0-F552-4963-B2A4-F04A9AE15B68} = {7E3477A7-D54B-4B9F-A51A-D92520B7D6FA}
		{CAB205DC-6F8B-44E6-A073-9725CBC5698F} = {7E3477A7-D54B-4B9F-A51A-D92520B7D6FA}
		{831EB13C-88BD-43EC-B2EE-C9A67AC81733} = {7E3477A7-D54B-4B9F-A51A-D92520B7D6FA}
		{CC4C32FB-AE3B-4180-8B60-F28F9CFE840E} = {8FCE29A2-53AF-4FF1-8ED6-09083524324E}
		{1FAE0287-3C32-44C7-A3B9-10C27EE33639} = {831EB13C-88BD-43EC-B2EE-C9A67AC81733}
		{58421622-1923-4FF7-90B1-ABE0BB201F1D} = {CAB205DC-6F8B-44E6-A073-9725CBC5698F}
		{A27E1025-D3C2-42C9-A5CA-D53A4A963E0D} = {2C53B1D0-F552-4963-B2A4-F04A9AE15B68}
	EndGlobalSection
	GlobalSection(ExtensibilityGlobals) = postSolution
		SolutionGuid = {D863F8AF-80B2-4DCB-9F3A-3CA8C61565F0}
	EndGlobalSection
EndGlobal
