
Microsoft Visual Studio Solution File, Format Version 12.00
# Visual Studio Version 16
VisualStudioVersion = 16.0.29609.76
MinimumVisualStudioVersion = 10.0.40219.1
Project("{2150E333-8FDC-42A3-9474-1A3956D46DE8}") = "Core", "Core", "{1BA7DDD2-4CA0-417C-9103-7300D28AA9DF}"
EndProject
Project("{9A19103F-16F7-4668-BE54-9A1E7A4F7556}") = "Domain.Core", "src\Core\Domain.Core\Domain.Core.csproj", "{B102F767-7B69-42B7-8B5B-2D764AF8566B}"
EndProject
Project("{FAE04EC0-301F-11D3-BF4B-00C04F79EFBC}") = "Infrastructure.Bus", "src\Core\MicroRabbit.Infrastructure.Bus\Infrastructure.Bus.csproj", "{42F076BE-0A22-4EEF-AD6D-7FB93191028A}"
EndProject
Project("{FAE04EC0-301F-11D3-BF4B-00C04F79EFBC}") = "Infrastructure.IoC", "src\Core\Infrastructure.IoC\Infrastructure.IoC.csproj", "{77DF226B-B02A-4321-8E4D-261D1F07FA21}"
EndProject
Global
	GlobalSection(SolutionConfigurationPlatforms) = preSolution
		Debug|Any CPU = Debug|Any CPU
		Release|Any CPU = Release|Any CPU
	EndGlobalSection
	GlobalSection(ProjectConfigurationPlatforms) = postSolution
		{B102F767-7B69-42B7-8B5B-2D764AF8566B}.Debug|Any CPU.ActiveCfg = Debug|Any CPU
		{B102F767-7B69-42B7-8B5B-2D764AF8566B}.Debug|Any CPU.Build.0 = Debug|Any CPU
		{B102F767-7B69-42B7-8B5B-2D764AF8566B}.Release|Any CPU.ActiveCfg = Release|Any CPU
		{B102F767-7B69-42B7-8B5B-2D764AF8566B}.Release|Any CPU.Build.0 = Release|Any CPU
		{42F076BE-0A22-4EEF-AD6D-7FB93191028A}.Debug|Any CPU.ActiveCfg = Debug|Any CPU
		{42F076BE-0A22-4EEF-AD6D-7FB93191028A}.Debug|Any CPU.Build.0 = Debug|Any CPU
		{42F076BE-0A22-4EEF-AD6D-7FB93191028A}.Release|Any CPU.ActiveCfg = Release|Any CPU
		{42F076BE-0A22-4EEF-AD6D-7FB93191028A}.Release|Any CPU.Build.0 = Release|Any CPU
		{77DF226B-B02A-4321-8E4D-261D1F07FA21}.Debug|Any CPU.ActiveCfg = Debug|Any CPU
		{77DF226B-B02A-4321-8E4D-261D1F07FA21}.Debug|Any CPU.Build.0 = Debug|Any CPU
		{77DF226B-B02A-4321-8E4D-261D1F07FA21}.Release|Any CPU.ActiveCfg = Release|Any CPU
		{77DF226B-B02A-4321-8E4D-261D1F07FA21}.Release|Any CPU.Build.0 = Release|Any CPU
	EndGlobalSection
	GlobalSection(SolutionProperties) = preSolution
		HideSolutionNode = FALSE
	EndGlobalSection
	GlobalSection(NestedProjects) = preSolution
		{B102F767-7B69-42B7-8B5B-2D764AF8566B} = {1BA7DDD2-4CA0-417C-9103-7300D28AA9DF}
		{42F076BE-0A22-4EEF-AD6D-7FB93191028A} = {1BA7DDD2-4CA0-417C-9103-7300D28AA9DF}
		{77DF226B-B02A-4321-8E4D-261D1F07FA21} = {1BA7DDD2-4CA0-417C-9103-7300D28AA9DF}
	EndGlobalSection
	GlobalSection(ExtensibilityGlobals) = postSolution
		SolutionGuid = {D863F8AF-80B2-4DCB-9F3A-3CA8C61565F0}
	EndGlobalSection
EndGlobal
